
Microsoft Visual Studio Solution File, Format Version 12.00
# Visual Studio Version 16
VisualStudioVersion = 16.0.30717.126
MinimumVisualStudioVersion = 10.0.40219.1
Project("{F184B08F-C81C-45F6-A57F-5ABD9991F28F}") = "HyperTerminalJY", "HyperTerminalJY.vbproj", "{C36B5D07-68FB-4AA2-9E03-9030C5B02C8F}"
EndProject
Project("{54435603-DBB4-11D2-8724-00A0C9A8B90C}") = "Setup", "Installer\Setup\Setup.vdproj", "{92B4A5F4-C77E-4D7D-9712-4D166A5B10C2}"
EndProject
Global
	GlobalSection(SolutionConfigurationPlatforms) = preSolution
		Debug|x64 = Debug|x64
		Debug|x86 = Debug|x86
		Release|x64 = Release|x64
		Release|x86 = Release|x86
	EndGlobalSection
	GlobalSection(ProjectConfigurationPlatforms) = postSolution
		{C36B5D07-68FB-4AA2-9E03-9030C5B02C8F}.Debug|x64.ActiveCfg = Debug|x64
		{C36B5D07-68FB-4AA2-9E03-9030C5B02C8F}.Debug|x64.Build.0 = Debug|x64
		{C36B5D07-68FB-4AA2-9E03-9030C5B02C8F}.Debug|x86.ActiveCfg = Debug|x86
		{C36B5D07-68FB-4AA2-9E03-9030C5B02C8F}.Debug|x86.Build.0 = Debug|x86
		{C36B5D07-68FB-4AA2-9E03-9030C5B02C8F}.Release|x64.ActiveCfg = Release|x64
		{C36B5D07-68FB-4AA2-9E03-9030C5B02C8F}.Release|x64.Build.0 = Release|x64
		{C36B5D07-68FB-4AA2-9E03-9030C5B02C8F}.Release|x86.ActiveCfg = Release|x86
		{C36B5D07-68FB-4AA2-9E03-9030C5B02C8F}.Release|x86.Build.0 = Release|x86
		{92B4A5F4-C77E-4D7D-9712-4D166A5B10C2}.Debug|x64.ActiveCfg = Debug
		{92B4A5F4-C77E-4D7D-9712-4D166A5B10C2}.Debug|x86.ActiveCfg = Debug
		{92B4A5F4-C77E-4D7D-9712-4D166A5B10C2}.Release|x64.ActiveCfg = Release
		{92B4A5F4-C77E-4D7D-9712-4D166A5B10C2}.Release|x86.ActiveCfg = Release
	EndGlobalSection
	GlobalSection(SolutionProperties) = preSolution
		HideSolutionNode = FALSE
	EndGlobalSection
	GlobalSection(ExtensibilityGlobals) = postSolution
		SolutionGuid = {59D5EB56-DC82-4F97-A250-5C49B54B59F6}
	EndGlobalSection
EndGlobal
